// !$*UTF8*$!
{
	archiveVersion = 1;
	classes = {
	};
	objectVersion = 50;
	objects = {

/* Begin PBXBuildFile section */
		0435182B25ECE55800C959F7 /* AppDelegate.swift in Sources */ = {isa = PBXBuildFile; fileRef = 0435182A25ECE55800C959F7 /* AppDelegate.swift */; };
		0435182D25ECE55800C959F7 /* SceneDelegate.swift in Sources */ = {isa = PBXBuildFile; fileRef = 0435182C25ECE55800C959F7 /* SceneDelegate.swift */; };
		0435183225ECE55800C959F7 /* Main.storyboard in Resources */ = {isa = PBXBuildFile; fileRef = 0435183025ECE55800C959F7 /* Main.storyboard */; };
		0435183425ECE55900C959F7 /* Assets.xcassets in Resources */ = {isa = PBXBuildFile; fileRef = 0435183325ECE55900C959F7 /* Assets.xcassets */; };
		0435183725ECE55900C959F7 /* LaunchScreen.storyboard in Resources */ = {isa = PBXBuildFile; fileRef = 0435183525ECE55900C959F7 /* LaunchScreen.storyboard */; };
		0435184225ECE55A00C959F7 /* GoodNewsTests.swift in Sources */ = {isa = PBXBuildFile; fileRef = 0435184125ECE55A00C959F7 /* GoodNewsTests.swift */; };
		0435184D25ECE55A00C959F7 /* GoodNewsUITests.swift in Sources */ = {isa = PBXBuildFile; fileRef = 0435184C25ECE55A00C959F7 /* GoodNewsUITests.swift */; };
		0435186525ECE66600C959F7 /* NewsListTableViewController.swift in Sources */ = {isa = PBXBuildFile; fileRef = 0435186425ECE66600C959F7 /* NewsListTableViewController.swift */; };
		0435186E25ECF7AE00C959F7 /* Webservices.swift in Sources */ = {isa = PBXBuildFile; fileRef = 0435186D25ECF7AE00C959F7 /* Webservices.swift */; };
		0435187425ED070A00C959F7 /* Articles.swift in Sources */ = {isa = PBXBuildFile; fileRef = 0435187325ED070A00C959F7 /* Articles.swift */; };
		0493B937261A3EDD00BDBEF7 /* ArticleViewModel.swift in Sources */ = {isa = PBXBuildFile; fileRef = 0493B936261A3EDD00BDBEF7 /* ArticleViewModel.swift */; };
		0493B940261A42F300BDBEF7 /* ArticleTableViewCell.swift in Sources */ = {isa = PBXBuildFile; fileRef = 0493B93F261A42F300BDBEF7 /* ArticleTableViewCell.swift */; };
/* End PBXBuildFile section */

/* Begin PBXContainerItemProxy section */
		0435183E25ECE55A00C959F7 /* PBXContainerItemProxy */ = {
			isa = PBXContainerItemProxy;
			containerPortal = 0435181F25ECE55800C959F7 /* Project object */;
			proxyType = 1;
			remoteGlobalIDString = 0435182625ECE55800C959F7;
			remoteInfo = GoodNews;
		};
		0435184925ECE55A00C959F7 /* PBXContainerItemProxy */ = {
			isa = PBXContainerItemProxy;
			containerPortal = 0435181F25ECE55800C959F7 /* Project object */;
			proxyType = 1;
			remoteGlobalIDString = 0435182625ECE55800C959F7;
			remoteInfo = GoodNews;
		};
/* End PBXContainerItemProxy section */

/* Begin PBXFileReference section */
		0435182725ECE55800C959F7 /* GoodNews.app */ = {isa = PBXFileReference; explicitFileType = wrapper.application; includeInIndex = 0; path = GoodNews.app; sourceTree = BUILT_PRODUCTS_DIR; };
		0435182A25ECE55800C959F7 /* AppDelegate.swift */ = {isa = PBXFileReference; lastKnownFileType = sourcecode.swift; path = AppDelegate.swift; sourceTree = "<group>"; };
		0435182C25ECE55800C959F7 /* SceneDelegate.swift */ = {isa = PBXFileReference; lastKnownFileType = sourcecode.swift; path = SceneDelegate.swift; sourceTree = "<group>"; };
		0435183125ECE55800C959F7 /* Base */ = {isa = PBXFileReference; lastKnownFileType = file.storyboard; name = Base; path = Base.lproj/Main.storyboard; sourceTree = "<group>"; };
		0435183325ECE55900C959F7 /* Assets.xcassets */ = {isa = PBXFileReference; lastKnownFileType = folder.assetcatalog; path = Assets.xcassets; sourceTree = "<group>"; };
		0435183625ECE55900C959F7 /* Base */ = {isa = PBXFileReference; lastKnownFileType = file.storyboard; name = Base; path = Base.lproj/LaunchScreen.storyboard; sourceTree = "<group>"; };
		0435183825ECE55900C959F7 /* Info.plist */ = {isa = PBXFileReference; lastKnownFileType = text.plist.xml; path = Info.plist; sourceTree = "<group>"; };
		0435183D25ECE55A00C959F7 /* GoodNewsTests.xctest */ = {isa = PBXFileReference; explicitFileType = wrapper.cfbundle; includeInIndex = 0; path = GoodNewsTests.xctest; sourceTree = BUILT_PRODUCTS_DIR; };
		0435184125ECE55A00C959F7 /* GoodNewsTests.swift */ = {isa = PBXFileReference; lastKnownFileType = sourcecode.swift; path = GoodNewsTests.swift; sourceTree = "<group>"; };
		0435184325ECE55A00C959F7 /* Info.plist */ = {isa = PBXFileReference; lastKnownFileType = text.plist.xml; path = Info.plist; sourceTree = "<group>"; };
		0435184825ECE55A00C959F7 /* GoodNewsUITests.xctest */ = {isa = PBXFileReference; explicitFileType = wrapper.cfbundle; includeInIndex = 0; path = GoodNewsUITests.xctest; sourceTree = BUILT_PRODUCTS_DIR; };
		0435184C25ECE55A00C959F7 /* GoodNewsUITests.swift */ = {isa = PBXFileReference; lastKnownFileType = sourcecode.swift; path = GoodNewsUITests.swift; sourceTree = "<group>"; };
		0435184E25ECE55A00C959F7 /* Info.plist */ = {isa = PBXFileReference; lastKnownFileType = text.plist.xml; path = Info.plist; sourceTree = "<group>"; };
		0435186425ECE66600C959F7 /* NewsListTableViewController.swift */ = {isa = PBXFileReference; lastKnownFileType = sourcecode.swift; path = NewsListTableViewController.swift; sourceTree = "<group>"; };
		0435186D25ECF7AE00C959F7 /* Webservices.swift */ = {isa = PBXFileReference; lastKnownFileType = sourcecode.swift; path = Webservices.swift; sourceTree = "<group>"; };
		0435187325ED070A00C959F7 /* Articles.swift */ = {isa = PBXFileReference; lastKnownFileType = sourcecode.swift; path = Articles.swift; sourceTree = "<group>"; };
		0493B936261A3EDD00BDBEF7 /* ArticleViewModel.swift */ = {isa = PBXFileReference; lastKnownFileType = sourcecode.swift; path = ArticleViewModel.swift; sourceTree = "<group>"; };
		0493B93F261A42F300BDBEF7 /* ArticleTableViewCell.swift */ = {isa = PBXFileReference; lastKnownFileType = sourcecode.swift; path = ArticleTableViewCell.swift; sourceTree = "<group>"; };
/* End PBXFileReference section */

/* Begin PBXFrameworksBuildPhase section */
		0435182425ECE55800C959F7 /* Frameworks */ = {
			isa = PBXFrameworksBuildPhase;
			buildActionMask = 2147483647;
			files = (
			);
			runOnlyForDeploymentPostprocessing = 0;
		};
		0435183A25ECE55A00C959F7 /* Frameworks */ = {
			isa = PBXFrameworksBuildPhase;
			buildActionMask = 2147483647;
			files = (
			);
			runOnlyForDeploymentPostprocessing = 0;
		};
		0435184525ECE55A00C959F7 /* Frameworks */ = {
			isa = PBXFrameworksBuildPhase;
			buildActionMask = 2147483647;
			files = (
			);
			runOnlyForDeploymentPostprocessing = 0;
		};
/* End PBXFrameworksBuildPhase section */

/* Begin PBXGroup section */
		0435181E25ECE55800C959F7 = {
			isa = PBXGroup;
			children = (
				0435182925ECE55800C959F7 /* GoodNews */,
				0435184025ECE55A00C959F7 /* GoodNewsTests */,
				0435184B25ECE55A00C959F7 /* GoodNewsUITests */,
				0435182825ECE55800C959F7 /* Products */,
			);
			sourceTree = "<group>";
		};
		0435182825ECE55800C959F7 /* Products */ = {
			isa = PBXGroup;
			children = (
				0435182725ECE55800C959F7 /* GoodNews.app */,
				0435183D25ECE55A00C959F7 /* GoodNewsTests.xctest */,
				0435184825ECE55A00C959F7 /* GoodNewsUITests.xctest */,
			);
			name = Products;
			sourceTree = "<group>";
		};
		0435182925ECE55800C959F7 /* GoodNews */ = {
			isa = PBXGroup;
			children = (
				0493B93E261A427C00BDBEF7 /* Cells */,
				0493B935261A3EB900BDBEF7 /* View Models */,
				0435187225ED06FA00C959F7 /* Model */,
				0435186C25ECF79800C959F7 /* Services */,
				0435186025ECE62600C959F7 /* Controllers */,
				0435182A25ECE55800C959F7 /* AppDelegate.swift */,
				0435182C25ECE55800C959F7 /* SceneDelegate.swift */,
				0435183025ECE55800C959F7 /* Main.storyboard */,
				0435183325ECE55900C959F7 /* Assets.xcassets */,
				0435183525ECE55900C959F7 /* LaunchScreen.storyboard */,
				0435183825ECE55900C959F7 /* Info.plist */,
			);
			path = GoodNews;
			sourceTree = "<group>";
		};
		0435184025ECE55A00C959F7 /* GoodNewsTests */ = {
			isa = PBXGroup;
			children = (
				0435184125ECE55A00C959F7 /* GoodNewsTests.swift */,
				0435184325ECE55A00C959F7 /* Info.plist */,
			);
			path = GoodNewsTests;
			sourceTree = "<group>";
		};
		0435184B25ECE55A00C959F7 /* GoodNewsUITests */ = {
			isa = PBXGroup;
			children = (
				0435184C25ECE55A00C959F7 /* GoodNewsUITests.swift */,
				0435184E25ECE55A00C959F7 /* Info.plist */,
			);
			path = GoodNewsUITests;
			sourceTree = "<group>";
		};
		0435186025ECE62600C959F7 /* Controllers */ = {
			isa = PBXGroup;
			children = (
				0435186425ECE66600C959F7 /* NewsListTableViewController.swift */,
			);
			path = Controllers;
			sourceTree = "<group>";
		};
		0435186C25ECF79800C959F7 /* Services */ = {
			isa = PBXGroup;
			children = (
				0435186D25ECF7AE00C959F7 /* Webservices.swift */,
			);
			path = Services;
			sourceTree = "<group>";
		};
		0435187225ED06FA00C959F7 /* Model */ = {
			isa = PBXGroup;
			children = (
				0435187325ED070A00C959F7 /* Articles.swift */,
			);
			path = Model;
			sourceTree = "<group>";
		};
		0493B935261A3EB900BDBEF7 /* View Models */ = {
			isa = PBXGroup;
			children = (
				0493B936261A3EDD00BDBEF7 /* ArticleViewModel.swift */,
			);
			path = "View Models";
			sourceTree = "<group>";
		};
		0493B93E261A427C00BDBEF7 /* Cells */ = {
			isa = PBXGroup;
			children = (
				0493B93F261A42F300BDBEF7 /* ArticleTableViewCell.swift */,
			);
			path = Cells;
			sourceTree = "<group>";
		};
/* End PBXGroup section */

/* Begin PBXNativeTarget section */
		0435182625ECE55800C959F7 /* GoodNews */ = {
			isa = PBXNativeTarget;
			buildConfigurationList = 0435185125ECE55A00C959F7 /* Build configuration list for PBXNativeTarget "GoodNews" */;
			buildPhases = (
				0435182325ECE55800C959F7 /* Sources */,
				0435182425ECE55800C959F7 /* Frameworks */,
				0435182525ECE55800C959F7 /* Resources */,
			);
			buildRules = (
			);
			dependencies = (
			);
			name = GoodNews;
			productName = GoodNews;
			productReference = 0435182725ECE55800C959F7 /* GoodNews.app */;
			productType = "com.apple.product-type.application";
		};
		0435183C25ECE55A00C959F7 /* GoodNewsTests */ = {
			isa = PBXNativeTarget;
			buildConfigurationList = 0435185425ECE55A00C959F7 /* Build configuration list for PBXNativeTarget "GoodNewsTests" */;
			buildPhases = (
				0435183925ECE55A00C959F7 /* Sources */,
				0435183A25ECE55A00C959F7 /* Frameworks */,
				0435183B25ECE55A00C959F7 /* Resources */,
			);
			buildRules = (
			);
			dependencies = (
				0435183F25ECE55A00C959F7 /* PBXTargetDependency */,
			);
			name = GoodNewsTests;
			productName = GoodNewsTests;
			productReference = 0435183D25ECE55A00C959F7 /* GoodNewsTests.xctest */;
			productType = "com.apple.product-type.bundle.unit-test";
		};
		0435184725ECE55A00C959F7 /* GoodNewsUITests */ = {
			isa = PBXNativeTarget;
			buildConfigurationList = 0435185725ECE55A00C959F7 /* Build configuration list for PBXNativeTarget "GoodNewsUITests" */;
			buildPhases = (
				0435184425ECE55A00C959F7 /* Sources */,
				0435184525ECE55A00C959F7 /* Frameworks */,
				0435184625ECE55A00C959F7 /* Resources */,
			);
			buildRules = (
			);
			dependencies = (
				0435184A25ECE55A00C959F7 /* PBXTargetDependency */,
			);
			name = GoodNewsUITests;
			productName = GoodNewsUITests;
			productReference = 0435184825ECE55A00C959F7 /* GoodNewsUITests.xctest */;
			productType = "com.apple.product-type.bundle.ui-testing";
		};
/* End PBXNativeTarget section */

/* Begin PBXProject section */
		0435181F25ECE55800C959F7 /* Project object */ = {
			isa = PBXProject;
			attributes = {
				LastSwiftUpdateCheck = 1240;
				LastUpgradeCheck = 1240;
				TargetAttributes = {
					0435182625ECE55800C959F7 = {
						CreatedOnToolsVersion = 12.4;
					};
					0435183C25ECE55A00C959F7 = {
						CreatedOnToolsVersion = 12.4;
						TestTargetID = 0435182625ECE55800C959F7;
					};
					0435184725ECE55A00C959F7 = {
						CreatedOnToolsVersion = 12.4;
						TestTargetID = 0435182625ECE55800C959F7;
					};
				};
			};
			buildConfigurationList = 0435182225ECE55800C959F7 /* Build configuration list for PBXProject "GoodNews" */;
			compatibilityVersion = "Xcode 9.3";
			developmentRegion = en;
			hasScannedForEncodings = 0;
			knownRegions = (
				en,
				Base,
			);
			mainGroup = 0435181E25ECE55800C959F7;
			productRefGroup = 0435182825ECE55800C959F7 /* Products */;
			projectDirPath = "";
			projectRoot = "";
			targets = (
				0435182625ECE55800C959F7 /* GoodNews */,
				0435183C25ECE55A00C959F7 /* GoodNewsTests */,
				0435184725ECE55A00C959F7 /* GoodNewsUITests */,
			);
		};
/* End PBXProject section */

/* Begin PBXResourcesBuildPhase section */
		0435182525ECE55800C959F7 /* Resources */ = {
			isa = PBXResourcesBuildPhase;
			buildActionMask = 2147483647;
			files = (
				0435183725ECE55900C959F7 /* LaunchScreen.storyboard in Resources */,
				0435183425ECE55900C959F7 /* Assets.xcassets in Resources */,
				0435183225ECE55800C959F7 /* Main.storyboard in Resources */,
			);
			runOnlyForDeploymentPostprocessing = 0;
		};
		0435183B25ECE55A00C959F7 /* Resources */ = {
			isa = PBXResourcesBuildPhase;
			buildActionMask = 2147483647;
			files = (
			);
			runOnlyForDeploymentPostprocessing = 0;
		};
		0435184625ECE55A00C959F7 /* Resources */ = {
			isa = PBXResourcesBuildPhase;
			buildActionMask = 2147483647;
			files = (
			);
			runOnlyForDeploymentPostprocessing = 0;
		};
/* End PBXResourcesBuildPhase section */

/* Begin PBXSourcesBuildPhase section */
		0435182325ECE55800C959F7 /* Sources */ = {
			isa = PBXSourcesBuildPhase;
			buildActionMask = 2147483647;
			files = (
				0435182B25ECE55800C959F7 /* AppDelegate.swift in Sources */,
				0435187425ED070A00C959F7 /* Articles.swift in Sources */,
				0435186525ECE66600C959F7 /* NewsListTableViewController.swift in Sources */,
				0493B937261A3EDD00BDBEF7 /* ArticleViewModel.swift in Sources */,
				0435186E25ECF7AE00C959F7 /* Webservices.swift in Sources */,
				0493B940261A42F300BDBEF7 /* ArticleTableViewCell.swift in Sources */,
				0435182D25ECE55800C959F7 /* SceneDelegate.swift in Sources */,
			);
			runOnlyForDeploymentPostprocessing = 0;
		};
		0435183925ECE55A00C959F7 /* Sources */ = {
			isa = PBXSourcesBuildPhase;
			buildActionMask = 2147483647;
			files = (
				0435184225ECE55A00C959F7 /* GoodNewsTests.swift in Sources */,
			);
			runOnlyForDeploymentPostprocessing = 0;
		};
		0435184425ECE55A00C959F7 /* Sources */ = {
			isa = PBXSourcesBuildPhase;
			buildActionMask = 2147483647;
			files = (
				0435184D25ECE55A00C959F7 /* GoodNewsUITests.swift in Sources */,
			);
			runOnlyForDeploymentPostprocessing = 0;
		};
/* End PBXSourcesBuildPhase section */

/* Begin PBXTargetDependency section */
		0435183F25ECE55A00C959F7 /* PBXTargetDependency */ = {
			isa = PBXTargetDependency;
			target = 0435182625ECE55800C959F7 /* GoodNews */;
			targetProxy = 0435183E25ECE55A00C959F7 /* PBXContainerItemProxy */;
		};
		0435184A25ECE55A00C959F7 /* PBXTargetDependency */ = {
			isa = PBXTargetDependency;
			target = 0435182625ECE55800C959F7 /* GoodNews */;
			targetProxy = 0435184925ECE55A00C959F7 /* PBXContainerItemProxy */;
		};
/* End PBXTargetDependency section */

/* Begin PBXVariantGroup section */
		0435183025ECE55800C959F7 /* Main.storyboard */ = {
			isa = PBXVariantGroup;
			children = (
				0435183125ECE55800C959F7 /* Base */,
			);
			name = Main.storyboard;
			sourceTree = "<group>";
		};
		0435183525ECE55900C959F7 /* LaunchScreen.storyboard */ = {
			isa = PBXVariantGroup;
			children = (
				0435183625ECE55900C959F7 /* Base */,
			);
			name = LaunchScreen.storyboard;
			sourceTree = "<group>";
		};
/* End PBXVariantGroup section */

/* Begin XCBuildConfiguration section */
		0435184F25ECE55A00C959F7 /* Debug */ = {
			isa = XCBuildConfiguration;
			buildSettings = {
				ALWAYS_SEARCH_USER_PATHS = NO;
				CLANG_ANALYZER_NONNULL = YES;
				CLANG_ANALYZER_NUMBER_OBJECT_CONVERSION = YES_AGGRESSIVE;
				CLANG_CXX_LANGUAGE_STANDARD = "gnu++14";
				CLANG_CXX_LIBRARY = "libc++";
				CLANG_ENABLE_MODULES = YES;
				CLANG_ENABLE_OBJC_ARC = YES;
				CLANG_ENABLE_OBJC_WEAK = YES;
				CLANG_WARN_BLOCK_CAPTURE_AUTORELEASING = YES;
				CLANG_WARN_BOOL_CONVERSION = YES;
				CLANG_WARN_COMMA = YES;
				CLANG_WARN_CONSTANT_CONVERSION = YES;
				CLANG_WARN_DEPRECATED_OBJC_IMPLEMENTATIONS = YES;
				CLANG_WARN_DIRECT_OBJC_ISA_USAGE = YES_ERROR;
				CLANG_WARN_DOCUMENTATION_COMMENTS = YES;
				CLANG_WARN_EMPTY_BODY = YES;
				CLANG_WARN_ENUM_CONVERSION = YES;
				CLANG_WARN_INFINITE_RECURSION = YES;
				CLANG_WARN_INT_CONVERSION = YES;
				CLANG_WARN_NON_LITERAL_NULL_CONVERSION = YES;
				CLANG_WARN_OBJC_IMPLICIT_RETAIN_SELF = YES;
				CLANG_WARN_OBJC_LITERAL_CONVERSION = YES;
				CLANG_WARN_OBJC_ROOT_CLASS = YES_ERROR;
				CLANG_WARN_QUOTED_INCLUDE_IN_FRAMEWORK_HEADER = YES;
				CLANG_WARN_RANGE_LOOP_ANALYSIS = YES;
				CLANG_WARN_STRICT_PROTOTYPES = YES;
				CLANG_WARN_SUSPICIOUS_MOVE = YES;
				CLANG_WARN_UNGUARDED_AVAILABILITY = YES_AGGRESSIVE;
				CLANG_WARN_UNREACHABLE_CODE = YES;
				CLANG_WARN__DUPLICATE_METHOD_MATCH = YES;
				COPY_PHASE_STRIP = NO;
				DEBUG_INFORMATION_FORMAT = dwarf;
				ENABLE_STRICT_OBJC_MSGSEND = YES;
				ENABLE_TESTABILITY = YES;
				GCC_C_LANGUAGE_STANDARD = gnu11;
				GCC_DYNAMIC_NO_PIC = NO;
				GCC_NO_COMMON_BLOCKS = YES;
				GCC_OPTIMIZATION_LEVEL = 0;
				GCC_PREPROCESSOR_DEFINITIONS = (
					"DEBUG=1",
					"$(inherited)",
				);
				GCC_WARN_64_TO_32_BIT_CONVERSION = YES;
				GCC_WARN_ABOUT_RETURN_TYPE = YES_ERROR;
				GCC_WARN_UNDECLARED_SELECTOR = YES;
				GCC_WARN_UNINITIALIZED_AUTOS = YES_AGGRESSIVE;
				GCC_WARN_UNUSED_FUNCTION = YES;
				GCC_WARN_UNUSED_VARIABLE = YES;
				IPHONEOS_DEPLOYMENT_TARGET = 14.4;
				MTL_ENABLE_DEBUG_INFO = INCLUDE_SOURCE;
				MTL_FAST_MATH = YES;
				ONLY_ACTIVE_ARCH = YES;
				SDKROOT = iphoneos;
				SWIFT_ACTIVE_COMPILATION_CONDITIONS = DEBUG;
				SWIFT_OPTIMIZATION_LEVEL = "-Onone";
			};
			name = Debug;
		};
		0435185025ECE55A00C959F7 /* Release */ = {
			isa = XCBuildConfiguration;
			buildSettings = {
				ALWAYS_SEARCH_USER_PATHS = NO;
				CLANG_ANALYZER_NONNULL = YES;
				CLANG_ANALYZER_NUMBER_OBJECT_CONVERSION = YES_AGGRESSIVE;
				CLANG_CXX_LANGUAGE_STANDARD = "gnu++14";
				CLANG_CXX_LIBRARY = "libc++";
				CLANG_ENABLE_MODULES = YES;
				CLANG_ENABLE_OBJC_ARC = YES;
				CLANG_ENABLE_OBJC_WEAK = YES;
				CLANG_WARN_BLOCK_CAPTURE_AUTORELEASING = YES;
				CLANG_WARN_BOOL_CONVERSION = YES;
				CLANG_WARN_COMMA = YES;
				CLANG_WARN_CONSTANT_CONVERSION = YES;
				CLANG_WARN_DEPRECATED_OBJC_IMPLEMENTATIONS = YES;
				CLANG_WARN_DIRECT_OBJC_ISA_USAGE = YES_ERROR;
				CLANG_WARN_DOCUMENTATION_COMMENTS = YES;
				CLANG_WARN_EMPTY_BODY = YES;
				CLANG_WARN_ENUM_CONVERSION = YES;
				CLANG_WARN_INFINITE_RECURSION = YES;
				CLANG_WARN_INT_CONVERSION = YES;
				CLANG_WARN_NON_LITERAL_NULL_CONVERSION = YES;
				CLANG_WARN_OBJC_IMPLICIT_RETAIN_SELF = YES;
				CLANG_WARN_OBJC_LITERAL_CONVERSION = YES;
				CLANG_WARN_OBJC_ROOT_CLASS = YES_ERROR;
				CLANG_WARN_QUOTED_INCLUDE_IN_FRAMEWORK_HEADER = YES;
				CLANG_WARN_RANGE_LOOP_ANALYSIS = YES;
				CLANG_WARN_STRICT_PROTOTYPES = YES;
				CLANG_WARN_SUSPICIOUS_MOVE = YES;
				CLANG_WARN_UNGUARDED_AVAILABILITY = YES_AGGRESSIVE;
				CLANG_WARN_UNREACHABLE_CODE = YES;
				CLANG_WARN__DUPLICATE_METHOD_MATCH = YES;
				COPY_PHASE_STRIP = NO;
				DEBUG_INFORMATION_FORMAT = "dwarf-with-dsym";
				ENABLE_NS_ASSERTIONS = NO;
				ENABLE_STRICT_OBJC_MSGSEND = YES;
				GCC_C_LANGUAGE_STANDARD = gnu11;
				GCC_NO_COMMON_BLOCKS = YES;
				GCC_WARN_64_TO_32_BIT_CONVERSION = YES;
				GCC_WARN_ABOUT_RETURN_TYPE = YES_ERROR;
				GCC_WARN_UNDECLARED_SELECTOR = YES;
				GCC_WARN_UNINITIALIZED_AUTOS = YES_AGGRESSIVE;
				GCC_WARN_UNUSED_FUNCTION = YES;
				GCC_WARN_UNUSED_VARIABLE = YES;
				IPHONEOS_DEPLOYMENT_TARGET = 14.4;
				MTL_ENABLE_DEBUG_INFO = NO;
				MTL_FAST_MATH = YES;
				SDKROOT = iphoneos;
				SWIFT_COMPILATION_MODE = wholemodule;
				SWIFT_OPTIMIZATION_LEVEL = "-O";
				VALIDATE_PRODUCT = YES;
			};
			name = Release;
		};
		0435185225ECE55A00C959F7 /* Debug */ = {
			isa = XCBuildConfiguration;
			buildSettings = {
				ASSETCATALOG_COMPILER_APPICON_NAME = AppIcon;
				ASSETCATALOG_COMPILER_GLOBAL_ACCENT_COLOR_NAME = AccentColor;
				CODE_SIGN_STYLE = Automatic;
				INFOPLIST_FILE = GoodNews/Info.plist;
				LD_RUNPATH_SEARCH_PATHS = (
					"$(inherited)",
					"@executable_path/Frameworks",
				);
				PRODUCT_BUNDLE_IDENTIFIER = RoyalTech.GoodNews;
				PRODUCT_NAME = "$(TARGET_NAME)";
				SWIFT_VERSION = 5.0;
				TARGETED_DEVICE_FAMILY = "1,2";
			};
			name = Debug;
		};
		0435185325ECE55A00C959F7 /* Release */ = {
			isa = XCBuildConfiguration;
			buildSettings = {
				ASSETCATALOG_COMPILER_APPICON_NAME = AppIcon;
				ASSETCATALOG_COMPILER_GLOBAL_ACCENT_COLOR_NAME = AccentColor;
				CODE_SIGN_STYLE = Automatic;
				INFOPLIST_FILE = GoodNews/Info.plist;
				LD_RUNPATH_SEARCH_PATHS = (
					"$(inherited)",
					"@executable_path/Frameworks",
				);
				PRODUCT_BUNDLE_IDENTIFIER = RoyalTech.GoodNews;
				PRODUCT_NAME = "$(TARGET_NAME)";
				SWIFT_VERSION = 5.0;
				TARGETED_DEVICE_FAMILY = "1,2";
			};
			name = Release;
		};
		0435185525ECE55A00C959F7 /* Debug */ = {
			isa = XCBuildConfiguration;
			buildSettings = {
				ALWAYS_EMBED_SWIFT_STANDARD_LIBRARIES = YES;
				BUNDLE_LOADER = "$(TEST_HOST)";
				CODE_SIGN_STYLE = Automatic;
				INFOPLIST_FILE = GoodNewsTests/Info.plist;
				IPHONEOS_DEPLOYMENT_TARGET = 14.4;
				LD_RUNPATH_SEARCH_PATHS = (
					"$(inherited)",
					"@executable_path/Frameworks",
					"@loader_path/Frameworks",
				);
				PRODUCT_BUNDLE_IDENTIFIER = RoyalTech.GoodNewsTests;
				PRODUCT_NAME = "$(TARGET_NAME)";
				SWIFT_VERSION = 5.0;
				TARGETED_DEVICE_FAMILY = "1,2";
				TEST_HOST = "$(BUILT_PRODUCTS_DIR)/GoodNews.app/GoodNews";
			};
			name = Debug;
		};
		0435185625ECE55A00C959F7 /* Release */ = {
			isa = XCBuildConfiguration;
			buildSettings = {
				ALWAYS_EMBED_SWIFT_STANDARD_LIBRARIES = YES;
				BUNDLE_LOADER = "$(TEST_HOST)";
				CODE_SIGN_STYLE = Automatic;
				INFOPLIST_FILE = GoodNewsTests/Info.plist;
				IPHONEOS_DEPLOYMENT_TARGET = 14.4;
				LD_RUNPATH_SEARCH_PATHS = (
					"$(inherited)",
					"@executable_path/Frameworks",
					"@loader_path/Frameworks",
				);
				PRODUCT_BUNDLE_IDENTIFIER = RoyalTech.GoodNewsTests;
				PRODUCT_NAME = "$(TARGET_NAME)";
				SWIFT_VERSION = 5.0;
				TARGETED_DEVICE_FAMILY = "1,2";
				TEST_HOST = "$(BUILT_PRODUCTS_DIR)/GoodNews.app/GoodNews";
			};
			name = Release;
		};
		0435185825ECE55A00C959F7 /* Debug */ = {
			isa = XCBuildConfiguration;
			buildSettings = {
				ALWAYS_EMBED_SWIFT_STANDARD_LIBRARIES = YES;
				CODE_SIGN_STYLE = Automatic;
				INFOPLIST_FILE = GoodNewsUITests/Info.plist;
				LD_RUNPATH_SEARCH_PATHS = (
					"$(inherited)",
					"@executable_path/Frameworks",
					"@loader_path/Frameworks",
				);
				PRODUCT_BUNDLE_IDENTIFIER = RoyalTech.GoodNewsUITests;
				PRODUCT_NAME = "$(TARGET_NAME)";
				SWIFT_VERSION = 5.0;
				TARGETED_DEVICE_FAMILY = "1,2";
				TEST_TARGET_NAME = GoodNews;
			};
			name = Debug;
		};
		0435185925ECE55A00C959F7 /* Release */ = {
			isa = XCBuildConfiguration;
			buildSettings = {
				ALWAYS_EMBED_SWIFT_STANDARD_LIBRARIES = YES;
				CODE_SIGN_STYLE = Automatic;
				INFOPLIST_FILE = GoodNewsUITests/Info.plist;
				LD_RUNPATH_SEARCH_PATHS = (
					"$(inherited)",
					"@executable_path/Frameworks",
					"@loader_path/Frameworks",
				);
				PRODUCT_BUNDLE_IDENTIFIER = RoyalTech.GoodNewsUITests;
				PRODUCT_NAME = "$(TARGET_NAME)";
				SWIFT_VERSION = 5.0;
				TARGETED_DEVICE_FAMILY = "1,2";
				TEST_TARGET_NAME = GoodNews;
			};
			name = Release;
		};
/* End XCBuildConfiguration section */

/* Begin XCConfigurationList section */
		0435182225ECE55800C959F7 /* Build configuration list for PBXProject "GoodNews" */ = {
			isa = XCConfigurationList;
			buildConfigurations = (
				0435184F25ECE55A00C959F7 /* Debug */,
				0435185025ECE55A00C959F7 /* Release */,
			);
			defaultConfigurationIsVisible = 0;
			defaultConfigurationName = Release;
		};
		0435185125ECE55A00C959F7 /* Build configuration list for PBXNativeTarget "GoodNews" */ = {
			isa = XCConfigurationList;
			buildConfigurations = (
				0435185225ECE55A00C959F7 /* Debug */,
				0435185325ECE55A00C959F7 /* Release */,
			);
			defaultConfigurationIsVisible = 0;
			defaultConfigurationName = Release;
		};
		0435185425ECE55A00C959F7 /* Build configuration list for PBXNativeTarget "GoodNewsTests" */ = {
			isa = XCConfigurationList;
			buildConfigurations = (
				0435185525ECE55A00C959F7 /* Debug */,
				0435185625ECE55A00C959F7 /* Release */,
			);
			defaultConfigurationIsVisible = 0;
			defaultConfigurationName = Release;
		};
		0435185725ECE55A00C959F7 /* Build configuration list for PBXNativeTarget "GoodNewsUITests" */ = {
			isa = XCConfigurationList;
			buildConfigurations = (
				0435185825ECE55A00C959F7 /* Debug */,
				0435185925ECE55A00C959F7 /* Release */,
			);
			defaultConfigurationIsVisible = 0;
			defaultConfigurationName = Release;
		};
/* End XCConfigurationList section */
	};
	rootObject = 0435181F25ECE55800C959F7 /* Project object */;
}
